
Microsoft Visual Studio Solution File, Format Version 12.00
# Visual Studio 15
Project("{FAE04EC0-301F-11D3-BF4B-00C04F79EFBC}") = "GettingStarted.Main", "GettingStarted.Main\GettingStarted.Main.csproj", "{075D3A4D-7606-4048-B7CB-7B3ED442E8D0}"
EndProject
Project("{FAE04EC0-301F-11D3-BF4B-00C04F79EFBC}") = "GettingStarted.Test", "GettingStarted.Test\GettingStarted.Test.csproj", "{7DEA9EB0-996B-4768-A046-5896FEC8CD22}"
EndProject
Global
	GlobalSection(SolutionConfigurationPlatforms) = preSolution
		Debug|Any CPU = Debug|Any CPU
		Release|Any CPU = Release|Any CPU
	EndGlobalSection
	GlobalSection(ProjectConfigurationPlatforms) = postSolution
		{075D3A4D-7606-4048-B7CB-7B3ED442E8D0}.Debug|Any CPU.ActiveCfg = Debug|Any CPU
		{075D3A4D-7606-4048-B7CB-7B3ED442E8D0}.Debug|Any CPU.Build.0 = Debug|Any CPU
		{075D3A4D-7606-4048-B7CB-7B3ED442E8D0}.Release|Any CPU.ActiveCfg = Release|Any CPU
		{075D3A4D-7606-4048-B7CB-7B3ED442E8D0}.Release|Any CPU.Build.0 = Release|Any CPU
		{7DEA9EB0-996B-4768-A046-5896FEC8CD22}.Debug|Any CPU.ActiveCfg = Debug|Any CPU
		{7DEA9EB0-996B-4768-A046-5896FEC8CD22}.Debug|Any CPU.Build.0 = Debug|Any CPU
		{7DEA9EB0-996B-4768-A046-5896FEC8CD22}.Release|Any CPU.ActiveCfg = Release|Any CPU
		{7DEA9EB0-996B-4768-A046-5896FEC8CD22}.Release|Any CPU.Build.0 = Release|Any CPU
	EndGlobalSection
EndGlobal
